// !$*UTF8*$!
{
	archiveVersion = 1;
	classes = {
	};
	objectVersion = 55;
	objects = {

/* Begin PBXBuildFile section */
		068D32F76C0E819311D16319 /* Pods_HW_2_9.framework in Frameworks */ = {isa = PBXBuildFile; fileRef = 71E4ED128866147156FF5960 /* Pods_HW_2_9.framework */; };
		D10EE0AC274DFEC500BBF2BF /* AppDelegate.swift in Sources */ = {isa = PBXBuildFile; fileRef = D10EE0AB274DFEC500BBF2BF /* AppDelegate.swift */; };
		D10EE0AE274DFEC500BBF2BF /* SceneDelegate.swift in Sources */ = {isa = PBXBuildFile; fileRef = D10EE0AD274DFEC500BBF2BF /* SceneDelegate.swift */; };
		D10EE0B0274DFEC500BBF2BF /* MainViewController.swift in Sources */ = {isa = PBXBuildFile; fileRef = D10EE0AF274DFEC500BBF2BF /* MainViewController.swift */; };
		D10EE0B3274DFEC500BBF2BF /* Main.storyboard in Resources */ = {isa = PBXBuildFile; fileRef = D10EE0B1274DFEC500BBF2BF /* Main.storyboard */; };
		D10EE0B5274DFEC600BBF2BF /* Assets.xcassets in Resources */ = {isa = PBXBuildFile; fileRef = D10EE0B4274DFEC600BBF2BF /* Assets.xcassets */; };
		D10EE0B8274DFEC600BBF2BF /* LaunchScreen.storyboard in Resources */ = {isa = PBXBuildFile; fileRef = D10EE0B6274DFEC600BBF2BF /* LaunchScreen.storyboard */; };
		D1F1B7B9274E153B00E922FD /* Animation.swift in Sources */ = {isa = PBXBuildFile; fileRef = D1F1B7B8274E153B00E922FD /* Animation.swift */; };
/* End PBXBuildFile section */

/* Begin PBXFileReference section */
		28A2CA823994BB22673B0A9F /* Pods-HW_2.9.release.xcconfig */ = {isa = PBXFileReference; includeInIndex = 1; lastKnownFileType = text.xcconfig; name = "Pods-HW_2.9.release.xcconfig"; path = "Target Support Files/Pods-HW_2.9/Pods-HW_2.9.release.xcconfig"; sourceTree = "<group>"; };
		71E4ED128866147156FF5960 /* Pods_HW_2_9.framework */ = {isa = PBXFileReference; explicitFileType = wrapper.framework; includeInIndex = 0; path = Pods_HW_2_9.framework; sourceTree = BUILT_PRODUCTS_DIR; };
		73B3ADA447D1C98D695AC13F /* Pods-HW_2.9.debug.xcconfig */ = {isa = PBXFileReference; includeInIndex = 1; lastKnownFileType = text.xcconfig; name = "Pods-HW_2.9.debug.xcconfig"; path = "Target Support Files/Pods-HW_2.9/Pods-HW_2.9.debug.xcconfig"; sourceTree = "<group>"; };
		D10EE0A8274DFEC500BBF2BF /* HW_2.9.app */ = {isa = PBXFileReference; explicitFileType = wrapper.application; includeInIndex = 0; path = HW_2.9.app; sourceTree = BUILT_PRODUCTS_DIR; };
		D10EE0AB274DFEC500BBF2BF /* AppDelegate.swift */ = {isa = PBXFileReference; lastKnownFileType = sourcecode.swift; path = AppDelegate.swift; sourceTree = "<group>"; };
		D10EE0AD274DFEC500BBF2BF /* SceneDelegate.swift */ = {isa = PBXFileReference; lastKnownFileType = sourcecode.swift; path = SceneDelegate.swift; sourceTree = "<group>"; };
		D10EE0AF274DFEC500BBF2BF /* MainViewController.swift */ = {isa = PBXFileReference; lastKnownFileType = sourcecode.swift; path = MainViewController.swift; sourceTree = "<group>"; };
		D10EE0B2274DFEC500BBF2BF /* Base */ = {isa = PBXFileReference; lastKnownFileType = file.storyboard; name = Base; path = Base.lproj/Main.storyboard; sourceTree = "<group>"; };
		D10EE0B4274DFEC600BBF2BF /* Assets.xcassets */ = {isa = PBXFileReference; lastKnownFileType = folder.assetcatalog; path = Assets.xcassets; sourceTree = "<group>"; };
		D10EE0B7274DFEC600BBF2BF /* Base */ = {isa = PBXFileReference; lastKnownFileType = file.storyboard; name = Base; path = Base.lproj/LaunchScreen.storyboard; sourceTree = "<group>"; };
		D10EE0B9274DFEC600BBF2BF /* Info.plist */ = {isa = PBXFileReference; lastKnownFileType = text.plist.xml; path = Info.plist; sourceTree = "<group>"; };
		D1F1B7B8274E153B00E922FD /* Animation.swift */ = {isa = PBXFileReference; lastKnownFileType = sourcecode.swift; path = Animation.swift; sourceTree = "<group>"; };
/* End PBXFileReference section */

/* Begin PBXFrameworksBuildPhase section */
		D10EE0A5274DFEC500BBF2BF /* Frameworks */ = {
			isa = PBXFrameworksBuildPhase;
			buildActionMask = 2147483647;
			files = (
				068D32F76C0E819311D16319 /* Pods_HW_2_9.framework in Frameworks */,
			);
			runOnlyForDeploymentPostprocessing = 0;
		};
/* End PBXFrameworksBuildPhase section */

/* Begin PBXGroup section */
		1B2505C84191C8F956084B82 /* Frameworks */ = {
			isa = PBXGroup;
			children = (
				71E4ED128866147156FF5960 /* Pods_HW_2_9.framework */,
			);
			name = Frameworks;
			sourceTree = "<group>";
		};
		AAD04B42985CE924084E024B /* Pods */ = {
			isa = PBXGroup;
			children = (
				73B3ADA447D1C98D695AC13F /* Pods-HW_2.9.debug.xcconfig */,
				28A2CA823994BB22673B0A9F /* Pods-HW_2.9.release.xcconfig */,
			);
			path = Pods;
			sourceTree = "<group>";
		};
		D10EE09F274DFEC500BBF2BF = {
			isa = PBXGroup;
			children = (
				D10EE0AA274DFEC500BBF2BF /* HW_2.9 */,
				D10EE0A9274DFEC500BBF2BF /* Products */,
				AAD04B42985CE924084E024B /* Pods */,
				1B2505C84191C8F956084B82 /* Frameworks */,
			);
			sourceTree = "<group>";
		};
		D10EE0A9274DFEC500BBF2BF /* Products */ = {
			isa = PBXGroup;
			children = (
				D10EE0A8274DFEC500BBF2BF /* HW_2.9.app */,
			);
			name = Products;
			sourceTree = "<group>";
		};
		D10EE0AA274DFEC500BBF2BF /* HW_2.9 */ = {
			isa = PBXGroup;
			children = (
				D1F1B7B7274E040300E922FD /* Controllers */,
				D1F1B7B6274E03F200E922FD /* Views */,
				D1F1B7B5274E03E800E922FD /* Models */,
				D10EE0B4274DFEC600BBF2BF /* Assets.xcassets */,
				D10EE0B9274DFEC600BBF2BF /* Info.plist */,
			);
			path = HW_2.9;
			sourceTree = "<group>";
		};
		D1F1B7B5274E03E800E922FD /* Models */ = {
			isa = PBXGroup;
			children = (
				D1F1B7B8274E153B00E922FD /* Animation.swift */,
			);
			path = Models;
			sourceTree = "<group>";
		};
		D1F1B7B6274E03F200E922FD /* Views */ = {
			isa = PBXGroup;
			children = (
				D10EE0B1274DFEC500BBF2BF /* Main.storyboard */,
				D10EE0B6274DFEC600BBF2BF /* LaunchScreen.storyboard */,
			);
			path = Views;
			sourceTree = "<group>";
		};
		D1F1B7B7274E040300E922FD /* Controllers */ = {
			isa = PBXGroup;
			children = (
				D10EE0AB274DFEC500BBF2BF /* AppDelegate.swift */,
				D10EE0AD274DFEC500BBF2BF /* SceneDelegate.swift */,
				D10EE0AF274DFEC500BBF2BF /* MainViewController.swift */,
			);
			path = Controllers;
			sourceTree = "<group>";
		};
/* End PBXGroup section */

/* Begin PBXNativeTarget section */
		D10EE0A7274DFEC500BBF2BF /* HW_2.9 */ = {
			isa = PBXNativeTarget;
			buildConfigurationList = D10EE0BC274DFEC600BBF2BF /* Build configuration list for PBXNativeTarget "HW_2.9" */;
			buildPhases = (
				9BC9698B95EB8A301527CA24 /* [CP] Check Pods Manifest.lock */,
				D10EE0A4274DFEC500BBF2BF /* Sources */,
				D10EE0A5274DFEC500BBF2BF /* Frameworks */,
				D10EE0A6274DFEC500BBF2BF /* Resources */,
				B8ACA05FF769B2608FF34E98 /* [CP] Embed Pods Frameworks */,
			);
			buildRules = (
			);
			dependencies = (
			);
			name = HW_2.9;
			productName = HW_2.9;
			productReference = D10EE0A8274DFEC500BBF2BF /* HW_2.9.app */;
			productType = "com.apple.product-type.application";
		};
/* End PBXNativeTarget section */

/* Begin PBXProject section */
		D10EE0A0274DFEC500BBF2BF /* Project object */ = {
			isa = PBXProject;
			attributes = {
				BuildIndependentTargetsInParallel = 1;
				LastSwiftUpdateCheck = 1300;
				LastUpgradeCheck = 1300;
				TargetAttributes = {
					D10EE0A7274DFEC500BBF2BF = {
						CreatedOnToolsVersion = 13.0;
					};
				};
			};
			buildConfigurationList = D10EE0A3274DFEC500BBF2BF /* Build configuration list for PBXProject "HW_2.9" */;
			compatibilityVersion = "Xcode 13.0";
			developmentRegion = en;
			hasScannedForEncodings = 0;
			knownRegions = (
				en,
				Base,
			);
			mainGroup = D10EE09F274DFEC500BBF2BF;
			productRefGroup = D10EE0A9274DFEC500BBF2BF /* Products */;
			projectDirPath = "";
			projectRoot = "";
			targets = (
				D10EE0A7274DFEC500BBF2BF /* HW_2.9 */,
			);
		};
/* End PBXProject section */

/* Begin PBXResourcesBuildPhase section */
		D10EE0A6274DFEC500BBF2BF /* Resources */ = {
			isa = PBXResourcesBuildPhase;
			buildActionMask = 2147483647;
			files = (
				D10EE0B8274DFEC600BBF2BF /* LaunchScreen.storyboard in Resources */,
				D10EE0B5274DFEC600BBF2BF /* Assets.xcassets in Resources */,
				D10EE0B3274DFEC500BBF2BF /* Main.storyboard in Resources */,
			);
			runOnlyForDeploymentPostprocessing = 0;
		};
/* End PBXResourcesBuildPhase section */

/* Begin PBXShellScriptBuildPhase section */
		9BC9698B95EB8A301527CA24 /* [CP] Check Pods Manifest.lock */ = {
			isa = PBXShellScriptBuildPhase;
			buildActionMask = 2147483647;
			files = (
			);
			inputFileListPaths = (
			);
			inputPaths = (
				"${PODS_PODFILE_DIR_PATH}/Podfile.lock",
				"${PODS_ROOT}/Manifest.lock",
			);
			name = "[CP] Check Pods Manifest.lock";
			outputFileListPaths = (
			);
			outputPaths = (
				"$(DERIVED_FILE_DIR)/Pods-HW_2.9-checkManifestLockResult.txt",
			);
			runOnlyForDeploymentPostprocessing = 0;
			shellPath = /bin/sh;
			shellScript = "diff \"${PODS_PODFILE_DIR_PATH}/Podfile.lock\" \"${PODS_ROOT}/Manifest.lock\" > /dev/null\nif [ $? != 0 ] ; then\n    # print error to STDERR\n    echo \"error: The sandbox is not in sync with the Podfile.lock. Run 'pod install' or update your CocoaPods installation.\" >&2\n    exit 1\nfi\n# This output is used by Xcode 'outputs' to avoid re-running this script phase.\necho \"SUCCESS\" > \"${SCRIPT_OUTPUT_FILE_0}\"\n";
			showEnvVarsInLog = 0;
		};
		B8ACA05FF769B2608FF34E98 /* [CP] Embed Pods Frameworks */ = {
			isa = PBXShellScriptBuildPhase;
			buildActionMask = 2147483647;
			files = (
			);
			inputFileListPaths = (
				"${PODS_ROOT}/Target Support Files/Pods-HW_2.9/Pods-HW_2.9-frameworks-${CONFIGURATION}-input-files.xcfilelist",
			);
			name = "[CP] Embed Pods Frameworks";
			outputFileListPaths = (
				"${PODS_ROOT}/Target Support Files/Pods-HW_2.9/Pods-HW_2.9-frameworks-${CONFIGURATION}-output-files.xcfilelist",
			);
			runOnlyForDeploymentPostprocessing = 0;
			shellPath = /bin/sh;
			shellScript = "\"${PODS_ROOT}/Target Support Files/Pods-HW_2.9/Pods-HW_2.9-frameworks.sh\"\n";
			showEnvVarsInLog = 0;
		};
/* End PBXShellScriptBuildPhase section */

/* Begin PBXSourcesBuildPhase section */
		D10EE0A4274DFEC500BBF2BF /* Sources */ = {
			isa = PBXSourcesBuildPhase;
			buildActionMask = 2147483647;
			files = (
				D10EE0B0274DFEC500BBF2BF /* MainViewController.swift in Sources */,
				D10EE0AC274DFEC500BBF2BF /* AppDelegate.swift in Sources */,
				D1F1B7B9274E153B00E922FD /* Animation.swift in Sources */,
				D10EE0AE274DFEC500BBF2BF /* SceneDelegate.swift in Sources */,
			);
			runOnlyForDeploymentPostprocessing = 0;
		};
/* End PBXSourcesBuildPhase section */

/* Begin PBXVariantGroup section */
		D10EE0B1274DFEC500BBF2BF /* Main.storyboard */ = {
			isa = PBXVariantGroup;
			children = (
				D10EE0B2274DFEC500BBF2BF /* Base */,
			);
			name = Main.storyboard;
			sourceTree = "<group>";
		};
		D10EE0B6274DFEC600BBF2BF /* LaunchScreen.storyboard */ = {
			isa = PBXVariantGroup;
			children = (
				D10EE0B7274DFEC600BBF2BF /* Base */,
			);
			name = LaunchScreen.storyboard;
			sourceTree = "<group>";
		};
/* End PBXVariantGroup section */

/* Begin XCBuildConfiguration section */
		D10EE0BA274DFEC600BBF2BF /* Debug */ = {
			isa = XCBuildConfiguration;
			buildSettings = {
				ALWAYS_SEARCH_USER_PATHS = NO;
				CLANG_ANALYZER_NONNULL = YES;
				CLANG_ANALYZER_NUMBER_OBJECT_CONVERSION = YES_AGGRESSIVE;
				CLANG_CXX_LANGUAGE_STANDARD = "gnu++17";
				CLANG_CXX_LIBRARY = "libc++";
				CLANG_ENABLE_MODULES = YES;
				CLANG_ENABLE_OBJC_ARC = YES;
				CLANG_ENABLE_OBJC_WEAK = YES;
				CLANG_WARN_BLOCK_CAPTURE_AUTORELEASING = YES;
				CLANG_WARN_BOOL_CONVERSION = YES;
				CLANG_WARN_COMMA = YES;
				CLANG_WARN_CONSTANT_CONVERSION = YES;
				CLANG_WARN_DEPRECATED_OBJC_IMPLEMENTATIONS = YES;
				CLANG_WARN_DIRECT_OBJC_ISA_USAGE = YES_ERROR;
				CLANG_WARN_DOCUMENTATION_COMMENTS = YES;
				CLANG_WARN_EMPTY_BODY = YES;
				CLANG_WARN_ENUM_CONVERSION = YES;
				CLANG_WARN_INFINITE_RECURSION = YES;
				CLANG_WARN_INT_CONVERSION = YES;
				CLANG_WARN_NON_LITERAL_NULL_CONVERSION = YES;
				CLANG_WARN_OBJC_IMPLICIT_RETAIN_SELF = YES;
				CLANG_WARN_OBJC_LITERAL_CONVERSION = YES;
				CLANG_WARN_OBJC_ROOT_CLASS = YES_ERROR;
				CLANG_WARN_QUOTED_INCLUDE_IN_FRAMEWORK_HEADER = YES;
				CLANG_WARN_RANGE_LOOP_ANALYSIS = YES;
				CLANG_WARN_STRICT_PROTOTYPES = YES;
				CLANG_WARN_SUSPICIOUS_MOVE = YES;
				CLANG_WARN_UNGUARDED_AVAILABILITY = YES_AGGRESSIVE;
				CLANG_WARN_UNREACHABLE_CODE = YES;
				CLANG_WARN__DUPLICATE_METHOD_MATCH = YES;
				COPY_PHASE_STRIP = NO;
				DEBUG_INFORMATION_FORMAT = dwarf;
				ENABLE_STRICT_OBJC_MSGSEND = YES;
				ENABLE_TESTABILITY = YES;
				GCC_C_LANGUAGE_STANDARD = gnu11;
				GCC_DYNAMIC_NO_PIC = NO;
				GCC_NO_COMMON_BLOCKS = YES;
				GCC_OPTIMIZATION_LEVEL = 0;
				GCC_PREPROCESSOR_DEFINITIONS = (
					"DEBUG=1",
					"$(inherited)",
				);
				GCC_WARN_64_TO_32_BIT_CONVERSION = YES;
				GCC_WARN_ABOUT_RETURN_TYPE = YES_ERROR;
				GCC_WARN_UNDECLARED_SELECTOR = YES;
				GCC_WARN_UNINITIALIZED_AUTOS = YES_AGGRESSIVE;
				GCC_WARN_UNUSED_FUNCTION = YES;
				GCC_WARN_UNUSED_VARIABLE = YES;
				IPHONEOS_DEPLOYMENT_TARGET = 15.0;
				MTL_ENABLE_DEBUG_INFO = INCLUDE_SOURCE;
				MTL_FAST_MATH = YES;
				ONLY_ACTIVE_ARCH = YES;
				SDKROOT = iphoneos;
				SWIFT_ACTIVE_COMPILATION_CONDITIONS = DEBUG;
				SWIFT_OPTIMIZATION_LEVEL = "-Onone";
			};
			name = Debug;
		};
		D10EE0BB274DFEC600BBF2BF /* Release */ = {
			isa = XCBuildConfiguration;
			buildSettings = {
				ALWAYS_SEARCH_USER_PATHS = NO;
				CLANG_ANALYZER_NONNULL = YES;
				CLANG_ANALYZER_NUMBER_OBJECT_CONVERSION = YES_AGGRESSIVE;
				CLANG_CXX_LANGUAGE_STANDARD = "gnu++17";
				CLANG_CXX_LIBRARY = "libc++";
				CLANG_ENABLE_MODULES = YES;
				CLANG_ENABLE_OBJC_ARC = YES;
				CLANG_ENABLE_OBJC_WEAK = YES;
				CLANG_WARN_BLOCK_CAPTURE_AUTORELEASING = YES;
				CLANG_WARN_BOOL_CONVERSION = YES;
				CLANG_WARN_COMMA = YES;
				CLANG_WARN_CONSTANT_CONVERSION = YES;
				CLANG_WARN_DEPRECATED_OBJC_IMPLEMENTATIONS = YES;
				CLANG_WARN_DIRECT_OBJC_ISA_USAGE = YES_ERROR;
				CLANG_WARN_DOCUMENTATION_COMMENTS = YES;
				CLANG_WARN_EMPTY_BODY = YES;
				CLANG_WARN_ENUM_CONVERSION = YES;
				CLANG_WARN_INFINITE_RECURSION = YES;
				CLANG_WARN_INT_CONVERSION = YES;
				CLANG_WARN_NON_LITERAL_NULL_CONVERSION = YES;
				CLANG_WARN_OBJC_IMPLICIT_RETAIN_SELF = YES;
				CLANG_WARN_OBJC_LITERAL_CONVERSION = YES;
				CLANG_WARN_OBJC_ROOT_CLASS = YES_ERROR;
				CLANG_WARN_QUOTED_INCLUDE_IN_FRAMEWORK_HEADER = YES;
				CLANG_WARN_RANGE_LOOP_ANALYSIS = YES;
				CLANG_WARN_STRICT_PROTOTYPES = YES;
				CLANG_WARN_SUSPICIOUS_MOVE = YES;
				CLANG_WARN_UNGUARDED_AVAILABILITY = YES_AGGRESSIVE;
				CLANG_WARN_UNREACHABLE_CODE = YES;
				CLANG_WARN__DUPLICATE_METHOD_MATCH = YES;
				COPY_PHASE_STRIP = NO;
				DEBUG_INFORMATION_FORMAT = "dwarf-with-dsym";
				ENABLE_NS_ASSERTIONS = NO;
				ENABLE_STRICT_OBJC_MSGSEND = YES;
				GCC_C_LANGUAGE_STANDARD = gnu11;
				GCC_NO_COMMON_BLOCKS = YES;
				GCC_WARN_64_TO_32_BIT_CONVERSION = YES;
				GCC_WARN_ABOUT_RETURN_TYPE = YES_ERROR;
				GCC_WARN_UNDECLARED_SELECTOR = YES;
				GCC_WARN_UNINITIALIZED_AUTOS = YES_AGGRESSIVE;
				GCC_WARN_UNUSED_FUNCTION = YES;
				GCC_WARN_UNUSED_VARIABLE = YES;
				IPHONEOS_DEPLOYMENT_TARGET = 15.0;
				MTL_ENABLE_DEBUG_INFO = NO;
				MTL_FAST_MATH = YES;
				SDKROOT = iphoneos;
				SWIFT_COMPILATION_MODE = wholemodule;
				SWIFT_OPTIMIZATION_LEVEL = "-O";
				VALIDATE_PRODUCT = YES;
			};
			name = Release;
		};
		D10EE0BD274DFEC600BBF2BF /* Debug */ = {
			isa = XCBuildConfiguration;
			baseConfigurationReference = 73B3ADA447D1C98D695AC13F /* Pods-HW_2.9.debug.xcconfig */;
			buildSettings = {
				ASSETCATALOG_COMPILER_APPICON_NAME = AppIcon;
				ASSETCATALOG_COMPILER_GLOBAL_ACCENT_COLOR_NAME = AccentColor;
				CODE_SIGN_STYLE = Automatic;
				CURRENT_PROJECT_VERSION = 1;
				GENERATE_INFOPLIST_FILE = YES;
				INFOPLIST_FILE = HW_2.9/Info.plist;
				INFOPLIST_KEY_UIApplicationSupportsIndirectInputEvents = YES;
				INFOPLIST_KEY_UILaunchStoryboardName = LaunchScreen;
				INFOPLIST_KEY_UIMainStoryboardFile = Main;
				INFOPLIST_KEY_UISupportedInterfaceOrientations = UIInterfaceOrientationPortrait;
				INFOPLIST_KEY_UISupportedInterfaceOrientations_iPad = "UIInterfaceOrientationPortrait UIInterfaceOrientationPortraitUpsideDown UIInterfaceOrientationLandscapeLeft UIInterfaceOrientationLandscapeRight";
				INFOPLIST_KEY_UISupportedInterfaceOrientations_iPhone = "UIInterfaceOrientationPortrait UIInterfaceOrientationLandscapeLeft UIInterfaceOrientationLandscapeRight";
				LD_RUNPATH_SEARCH_PATHS = (
					"$(inherited)",
					"@executable_path/Frameworks",
				);
				MARKETING_VERSION = 1.0;
				PRODUCT_BUNDLE_IDENTIFIER = "YaVengerskiy.HW-2-9";
				PRODUCT_NAME = "$(TARGET_NAME)";
				SWIFT_EMIT_LOC_STRINGS = YES;
				SWIFT_VERSION = 5.0;
				TARGETED_DEVICE_FAMILY = 1;
			};
			name = Debug;
		};
		D10EE0BE274DFEC600BBF2BF /* Release */ = {
			isa = XCBuildConfiguration;
			baseConfigurationReference = 28A2CA823994BB22673B0A9F /* Pods-HW_2.9.release.xcconfig */;
			buildSettings = {
				ASSETCATALOG_COMPILER_APPICON_NAME = AppIcon;
				ASSETCATALOG_COMPILER_GLOBAL_ACCENT_COLOR_NAME = AccentColor;
				CODE_SIGN_STYLE = Automatic;
				CURRENT_PROJECT_VERSION = 1;
				GENERATE_INFOPLIST_FILE = YES;
				INFOPLIST_FILE = HW_2.9/Info.plist;
				INFOPLIST_KEY_UIApplicationSupportsIndirectInputEvents = YES;
				INFOPLIST_KEY_UILaunchStoryboardName = LaunchScreen;
				INFOPLIST_KEY_UIMainStoryboardFile = Main;
				INFOPLIST_KEY_UISupportedInterfaceOrientations = UIInterfaceOrientationPortrait;
				INFOPLIST_KEY_UISupportedInterfaceOrientations_iPad = "UIInterfaceOrientationPortrait UIInterfaceOrientationPortraitUpsideDown UIInterfaceOrientationLandscapeLeft UIInterfaceOrientationLandscapeRight";
				INFOPLIST_KEY_UISupportedInterfaceOrientations_iPhone = "UIInterfaceOrientationPortrait UIInterfaceOrientationLandscapeLeft UIInterfaceOrientationLandscapeRight";
				LD_RUNPATH_SEARCH_PATHS = (
					"$(inherited)",
					"@executable_path/Frameworks",
				);
				MARKETING_VERSION = 1.0;
				PRODUCT_BUNDLE_IDENTIFIER = "YaVengerskiy.HW-2-9";
				PRODUCT_NAME = "$(TARGET_NAME)";
				SWIFT_EMIT_LOC_STRINGS = YES;
				SWIFT_VERSION = 5.0;
				TARGETED_DEVICE_FAMILY = 1;
			};
			name = Release;
		};
/* End XCBuildConfiguration section */

/* Begin XCConfigurationList section */
		D10EE0A3274DFEC500BBF2BF /* Build configuration list for PBXProject "HW_2.9" */ = {
			isa = XCConfigurationList;
			buildConfigurations = (
				D10EE0BA274DFEC600BBF2BF /* Debug */,
				D10EE0BB274DFEC600BBF2BF /* Release */,
			);
			defaultConfigurationIsVisible = 0;
			defaultConfigurationName = Release;
		};
		D10EE0BC274DFEC600BBF2BF /* Build configuration list for PBXNativeTarget "HW_2.9" */ = {
			isa = XCConfigurationList;
			buildConfigurations = (
				D10EE0BD274DFEC600BBF2BF /* Debug */,
				D10EE0BE274DFEC600BBF2BF /* Release */,
			);
			defaultConfigurationIsVisible = 0;
			defaultConfigurationName = Release;
		};
/* End XCConfigurationList section */
	};
	rootObject = D10EE0A0274DFEC500BBF2BF /* Project object */;
}
